
Microsoft Visual Studio Solution File, Format Version 12.00
# Visual Studio Version 17
VisualStudioVersion = 17.0.31903.59
MinimumVisualStudioVersion = 10.0.40219.1
Project("{FAE04EC0-301F-11D3-BF4B-00C04F79EFBC}") = "TemporalTables", "TemporalTables\TemporalTables.csproj", "{04879973-B9ED-489B-A097-92232B426811}"
EndProject
Project("{2150E333-8FDC-42A3-9474-1A3956D46DE8}") = "_DevOps", "_DevOps", "{B8D8DA94-2B9C-41A6-817A-99575FE44F3B}"
	ProjectSection(SolutionItems) = preProject
		docker-compose.yml = docker-compose.yml
		Dockerfile = Dockerfile
	EndProjectSection
EndProject
Project("{2150E333-8FDC-42A3-9474-1A3956D46DE8}") = "Environment", "Environment", "{62025A56-332F-40FC-A7B2-8003AB629044}"
	ProjectSection(SolutionItems) = preProject
		environment\docker-compose.yml = environment\docker-compose.yml
	EndProjectSection
EndProject
Global
	GlobalSection(SolutionConfigurationPlatforms) = preSolution
		Debug|Any CPU = Debug|Any CPU
		Release|Any CPU = Release|Any CPU
	EndGlobalSection
	GlobalSection(SolutionProperties) = preSolution
		HideSolutionNode = FALSE
	EndGlobalSection
	GlobalSection(ProjectConfigurationPlatforms) = postSolution
		{04879973-B9ED-489B-A097-92232B426811}.Debug|Any CPU.ActiveCfg = Debug|Any CPU
		{04879973-B9ED-489B-A097-92232B426811}.Debug|Any CPU.Build.0 = Debug|Any CPU
		{04879973-B9ED-489B-A097-92232B426811}.Release|Any CPU.ActiveCfg = Release|Any CPU
		{04879973-B9ED-489B-A097-92232B426811}.Release|Any CPU.Build.0 = Release|Any CPU
	EndGlobalSection
EndGlobal
